PODS:
  - PromiseKit (6.4.1):
    - PromiseKit/CorePromise (= 6.4.1)
    - PromiseKit/Foundation (= 6.4.1)
    - PromiseKit/UIKit (= 6.4.1)
  - PromiseKit/CorePromise (6.4.1)
  - PromiseKit/Foundation (6.4.1):
    - PromiseKit/CorePromise
  - PromiseKit/UIKit (6.4.1):
    - PromiseKit/CorePromise
  - RxCocoa (4.3.1):
    - RxSwift (~> 4.0)
  - RxSwift (4.3.1)

DEPENDENCIES:
  - PromiseKit
  - RxCocoa
  - RxSwift

SPEC REPOS:
  https://github.com/cocoapods/specs.git:
    - PromiseKit
    - RxCocoa
    - RxSwift

SPEC CHECKSUMS:
  PromiseKit: 4c76a6506638034e3d7bede97b2ff7743f7bd2dc
  RxCocoa: 78763c7b07d02455598d9fc3c1ad091a28b73635
  RxSwift: fe0fd770a43acdb7d0a53da411c9b892e69bb6e4

PODFILE CHECKSUM: 7b47b72277a975e5fbf01f1d9e56deb977d8fabb

COCOAPODS: 1.5.3
