// !$*UTF8*$!
{
	archiveVersion = 1;
	classes = {
	};
	objectVersion = 50;
	objects = {

/* Begin PBXBuildFile section */
		754CD010215D0DB10079E767 /* AppDelegate.swift in Sources */ = {isa = PBXBuildFile; fileRef = 754CD00F215D0DB10079E767 /* AppDelegate.swift */; };
		754CD012215D0DB10079E767 /* ViewController.swift in Sources */ = {isa = PBXBuildFile; fileRef = 754CD011215D0DB10079E767 /* ViewController.swift */; };
		754CD018215D0DB10079E767 /* VKFaceRecognizer.xcdatamodeld in Sources */ = {isa = PBXBuildFile; fileRef = 754CD016215D0DB10079E767 /* VKFaceRecognizer.xcdatamodeld */; };
		754CD01A215D0DB20079E767 /* Assets.xcassets in Resources */ = {isa = PBXBuildFile; fileRef = 754CD019215D0DB20079E767 /* Assets.xcassets */; };
		754CD01D215D0DB20079E767 /* LaunchScreen.storyboard in Resources */ = {isa = PBXBuildFile; fileRef = 754CD01B215D0DB20079E767 /* LaunchScreen.storyboard */; };
		754CD025215D12C80079E767 /* MainInteractor.swift in Sources */ = {isa = PBXBuildFile; fileRef = 754CD024215D12C80079E767 /* MainInteractor.swift */; };
		EDB1DA7DEBBE6BB21F023EBC /* Pods_VKFaceRecognizer.framework in Frameworks */ = {isa = PBXBuildFile; fileRef = 8CCCE87B2B2CDAFC72760863 /* Pods_VKFaceRecognizer.framework */; };
/* End PBXBuildFile section */

/* Begin PBXFileReference section */
		2554A2D65D58BF48D361A10F /* Pods-VKFaceRecognizer.release.xcconfig */ = {isa = PBXFileReference; includeInIndex = 1; lastKnownFileType = text.xcconfig; name = "Pods-VKFaceRecognizer.release.xcconfig"; path = "Pods/Target Support Files/Pods-VKFaceRecognizer/Pods-VKFaceRecognizer.release.xcconfig"; sourceTree = "<group>"; };
		754CD00C215D0DB10079E767 /* VKFaceRecognizer.app */ = {isa = PBXFileReference; explicitFileType = wrapper.application; includeInIndex = 0; path = VKFaceRecognizer.app; sourceTree = BUILT_PRODUCTS_DIR; };
		754CD00F215D0DB10079E767 /* AppDelegate.swift */ = {isa = PBXFileReference; lastKnownFileType = sourcecode.swift; path = AppDelegate.swift; sourceTree = "<group>"; };
		754CD011215D0DB10079E767 /* ViewController.swift */ = {isa = PBXFileReference; lastKnownFileType = sourcecode.swift; path = ViewController.swift; sourceTree = "<group>"; };
		754CD017215D0DB10079E767 /* VKFaceRecognizer.xcdatamodel */ = {isa = PBXFileReference; lastKnownFileType = wrapper.xcdatamodel; path = VKFaceRecognizer.xcdatamodel; sourceTree = "<group>"; };
		754CD019215D0DB20079E767 /* Assets.xcassets */ = {isa = PBXFileReference; lastKnownFileType = folder.assetcatalog; path = Assets.xcassets; sourceTree = "<group>"; };
		754CD01C215D0DB20079E767 /* Base */ = {isa = PBXFileReference; lastKnownFileType = file.storyboard; name = Base; path = Base.lproj/LaunchScreen.storyboard; sourceTree = "<group>"; };
		754CD01E215D0DB20079E767 /* Info.plist */ = {isa = PBXFileReference; lastKnownFileType = text.plist.xml; path = Info.plist; sourceTree = "<group>"; };
		754CD024215D12C80079E767 /* MainInteractor.swift */ = {isa = PBXFileReference; lastKnownFileType = sourcecode.swift; path = MainInteractor.swift; sourceTree = "<group>"; };
		8CCCE87B2B2CDAFC72760863 /* Pods_VKFaceRecognizer.framework */ = {isa = PBXFileReference; explicitFileType = wrapper.framework; includeInIndex = 0; path = Pods_VKFaceRecognizer.framework; sourceTree = BUILT_PRODUCTS_DIR; };
		AF8C14EAF46E72705FB7571E /* Pods-VKFaceRecognizer.debug.xcconfig */ = {isa = PBXFileReference; includeInIndex = 1; lastKnownFileType = text.xcconfig; name = "Pods-VKFaceRecognizer.debug.xcconfig"; path = "Pods/Target Support Files/Pods-VKFaceRecognizer/Pods-VKFaceRecognizer.debug.xcconfig"; sourceTree = "<group>"; };
/* End PBXFileReference section */

/* Begin PBXFrameworksBuildPhase section */
		754CD009215D0DB10079E767 /* Frameworks */ = {
			isa = PBXFrameworksBuildPhase;
			buildActionMask = 2147483647;
			files = (
				EDB1DA7DEBBE6BB21F023EBC /* Pods_VKFaceRecognizer.framework in Frameworks */,
			);
			runOnlyForDeploymentPostprocessing = 0;
		};
/* End PBXFrameworksBuildPhase section */

/* Begin PBXGroup section */
		0C27D24A1571E8E8B01DE38E /* Frameworks */ = {
			isa = PBXGroup;
			children = (
				8CCCE87B2B2CDAFC72760863 /* Pods_VKFaceRecognizer.framework */,
			);
			name = Frameworks;
			sourceTree = "<group>";
		};
		578FEA15C7C407AEA9C50764 /* Pods */ = {
			isa = PBXGroup;
			children = (
				AF8C14EAF46E72705FB7571E /* Pods-VKFaceRecognizer.debug.xcconfig */,
				2554A2D65D58BF48D361A10F /* Pods-VKFaceRecognizer.release.xcconfig */,
			);
			name = Pods;
			sourceTree = "<group>";
		};
		754CD003215D0DB10079E767 = {
			isa = PBXGroup;
			children = (
				754CD00E215D0DB10079E767 /* VKFaceRecognizer */,
				754CD00D215D0DB10079E767 /* Products */,
				578FEA15C7C407AEA9C50764 /* Pods */,
				0C27D24A1571E8E8B01DE38E /* Frameworks */,
			);
			sourceTree = "<group>";
		};
		754CD00D215D0DB10079E767 /* Products */ = {
			isa = PBXGroup;
			children = (
				754CD00C215D0DB10079E767 /* VKFaceRecognizer.app */,
			);
			name = Products;
			sourceTree = "<group>";
		};
		754CD00E215D0DB10079E767 /* VKFaceRecognizer */ = {
			isa = PBXGroup;
			children = (
				754CD00F215D0DB10079E767 /* AppDelegate.swift */,
				754CD011215D0DB10079E767 /* ViewController.swift */,
				754CD019215D0DB20079E767 /* Assets.xcassets */,
				754CD01B215D0DB20079E767 /* LaunchScreen.storyboard */,
				754CD01E215D0DB20079E767 /* Info.plist */,
				754CD016215D0DB10079E767 /* VKFaceRecognizer.xcdatamodeld */,
				754CD024215D12C80079E767 /* MainInteractor.swift */,
			);
			path = VKFaceRecognizer;
			sourceTree = "<group>";
		};
/* End PBXGroup section */

/* Begin PBXNativeTarget section */
		754CD00B215D0DB10079E767 /* VKFaceRecognizer */ = {
			isa = PBXNativeTarget;
			buildConfigurationList = 754CD021215D0DB20079E767 /* Build configuration list for PBXNativeTarget "VKFaceRecognizer" */;
			buildPhases = (
				F4F87FD8B7F734E1F2D14679 /* [CP] Check Pods Manifest.lock */,
				754CD008215D0DB10079E767 /* Sources */,
				754CD009215D0DB10079E767 /* Frameworks */,
				754CD00A215D0DB10079E767 /* Resources */,
			);
			buildRules = (
			);
			dependencies = (
			);
			name = VKFaceRecognizer;
			productName = VKFaceRecognizer;
			productReference = 754CD00C215D0DB10079E767 /* VKFaceRecognizer.app */;
			productType = "com.apple.product-type.application";
		};
/* End PBXNativeTarget section */

/* Begin PBXProject section */
		754CD004215D0DB10079E767 /* Project object */ = {
			isa = PBXProject;
			attributes = {
				LastSwiftUpdateCheck = 1000;
				LastUpgradeCheck = 1000;
				ORGANIZATIONNAME = "Kazakevich, Vitaly";
				TargetAttributes = {
					754CD00B215D0DB10079E767 = {
						CreatedOnToolsVersion = 10.0;
					};
				};
			};
			buildConfigurationList = 754CD007215D0DB10079E767 /* Build configuration list for PBXProject "VKFaceRecognizer" */;
			compatibilityVersion = "Xcode 9.3";
			developmentRegion = en;
			hasScannedForEncodings = 0;
			knownRegions = (
				en,
				Base,
			);
			mainGroup = 754CD003215D0DB10079E767;
			productRefGroup = 754CD00D215D0DB10079E767 /* Products */;
			projectDirPath = "";
			projectRoot = "";
			targets = (
				754CD00B215D0DB10079E767 /* VKFaceRecognizer */,
			);
		};
/* End PBXProject section */

/* Begin PBXResourcesBuildPhase section */
		754CD00A215D0DB10079E767 /* Resources */ = {
			isa = PBXResourcesBuildPhase;
			buildActionMask = 2147483647;
			files = (
				754CD01D215D0DB20079E767 /* LaunchScreen.storyboard in Resources */,
				754CD01A215D0DB20079E767 /* Assets.xcassets in Resources */,
			);
			runOnlyForDeploymentPostprocessing = 0;
		};
/* End PBXResourcesBuildPhase section */

/* Begin PBXShellScriptBuildPhase section */
		F4F87FD8B7F734E1F2D14679 /* [CP] Check Pods Manifest.lock */ = {
			isa = PBXShellScriptBuildPhase;
			buildActionMask = 2147483647;
			files = (
			);
			inputPaths = (
				"${PODS_PODFILE_DIR_PATH}/Podfile.lock",
				"${PODS_ROOT}/Manifest.lock",
			);
			name = "[CP] Check Pods Manifest.lock";
			outputPaths = (
				"$(DERIVED_FILE_DIR)/Pods-VKFaceRecognizer-checkManifestLockResult.txt",
			);
			runOnlyForDeploymentPostprocessing = 0;
			shellPath = /bin/sh;
			shellScript = "diff \"${PODS_PODFILE_DIR_PATH}/Podfile.lock\" \"${PODS_ROOT}/Manifest.lock\" > /dev/null\nif [ $? != 0 ] ; then\n    # print error to STDERR\n    echo \"error: The sandbox is not in sync with the Podfile.lock. Run 'pod install' or update your CocoaPods installation.\" >&2\n    exit 1\nfi\n# This output is used by Xcode 'outputs' to avoid re-running this script phase.\necho \"SUCCESS\" > \"${SCRIPT_OUTPUT_FILE_0}\"\n";
			showEnvVarsInLog = 0;
		};
/* End PBXShellScriptBuildPhase section */

/* Begin PBXSourcesBuildPhase section */
		754CD008215D0DB10079E767 /* Sources */ = {
			isa = PBXSourcesBuildPhase;
			buildActionMask = 2147483647;
			files = (
				754CD018215D0DB10079E767 /* VKFaceRecognizer.xcdatamodeld in Sources */,
				754CD012215D0DB10079E767 /* ViewController.swift in Sources */,
				754CD010215D0DB10079E767 /* AppDelegate.swift in Sources */,
				754CD025215D12C80079E767 /* MainInteractor.swift in Sources */,
			);
			runOnlyForDeploymentPostprocessing = 0;
		};
/* End PBXSourcesBuildPhase section */

/* Begin PBXVariantGroup section */
		754CD01B215D0DB20079E767 /* LaunchScreen.storyboard */ = {
			isa = PBXVariantGroup;
			children = (
				754CD01C215D0DB20079E767 /* Base */,
			);
			name = LaunchScreen.storyboard;
			sourceTree = "<group>";
		};
/* End PBXVariantGroup section */

/* Begin XCBuildConfiguration section */
		754CD01F215D0DB20079E767 /* Debug */ = {
			isa = XCBuildConfiguration;
			buildSettings = {
				ALWAYS_SEARCH_USER_PATHS = NO;
				CLANG_ANALYZER_NONNULL = YES;
				CLANG_ANALYZER_NUMBER_OBJECT_CONVERSION = YES_AGGRESSIVE;
				CLANG_CXX_LANGUAGE_STANDARD = "gnu++14";
				CLANG_CXX_LIBRARY = "libc++";
				CLANG_ENABLE_MODULES = YES;
				CLANG_ENABLE_OBJC_ARC = YES;
				CLANG_ENABLE_OBJC_WEAK = YES;
				CLANG_WARN_BLOCK_CAPTURE_AUTORELEASING = YES;
				CLANG_WARN_BOOL_CONVERSION = YES;
				CLANG_WARN_COMMA = YES;
				CLANG_WARN_CONSTANT_CONVERSION = YES;
				CLANG_WARN_DEPRECATED_OBJC_IMPLEMENTATIONS = YES;
				CLANG_WARN_DIRECT_OBJC_ISA_USAGE = YES_ERROR;
				CLANG_WARN_DOCUMENTATION_COMMENTS = YES;
				CLANG_WARN_EMPTY_BODY = YES;
				CLANG_WARN_ENUM_CONVERSION = YES;
				CLANG_WARN_INFINITE_RECURSION = YES;
				CLANG_WARN_INT_CONVERSION = YES;
				CLANG_WARN_NON_LITERAL_NULL_CONVERSION = YES;
				CLANG_WARN_OBJC_IMPLICIT_RETAIN_SELF = YES;
				CLANG_WARN_OBJC_LITERAL_CONVERSION = YES;
				CLANG_WARN_OBJC_ROOT_CLASS = YES_ERROR;
				CLANG_WARN_RANGE_LOOP_ANALYSIS = YES;
				CLANG_WARN_STRICT_PROTOTYPES = YES;
				CLANG_WARN_SUSPICIOUS_MOVE = YES;
				CLANG_WARN_UNGUARDED_AVAILABILITY = YES_AGGRESSIVE;
				CLANG_WARN_UNREACHABLE_CODE = YES;
				CLANG_WARN__DUPLICATE_METHOD_MATCH = YES;
				CODE_SIGN_IDENTITY = "iPhone Developer";
				COPY_PHASE_STRIP = NO;
				DEBUG_INFORMATION_FORMAT = dwarf;
				ENABLE_STRICT_OBJC_MSGSEND = YES;
				ENABLE_TESTABILITY = YES;
				GCC_C_LANGUAGE_STANDARD = gnu11;
				GCC_DYNAMIC_NO_PIC = NO;
				GCC_NO_COMMON_BLOCKS = YES;
				GCC_OPTIMIZATION_LEVEL = 0;
				GCC_PREPROCESSOR_DEFINITIONS = (
					"DEBUG=1",
					"$(inherited)",
				);
				GCC_WARN_64_TO_32_BIT_CONVERSION = YES;
				GCC_WARN_ABOUT_RETURN_TYPE = YES_ERROR;
				GCC_WARN_UNDECLARED_SELECTOR = YES;
				GCC_WARN_UNINITIALIZED_AUTOS = YES_AGGRESSIVE;
				GCC_WARN_UNUSED_FUNCTION = YES;
				GCC_WARN_UNUSED_VARIABLE = YES;
				IPHONEOS_DEPLOYMENT_TARGET = 12.0;
				MTL_ENABLE_DEBUG_INFO = INCLUDE_SOURCE;
				MTL_FAST_MATH = YES;
				ONLY_ACTIVE_ARCH = YES;
				SDKROOT = iphoneos;
				SWIFT_ACTIVE_COMPILATION_CONDITIONS = DEBUG;
				SWIFT_OPTIMIZATION_LEVEL = "-Onone";
			};
			name = Debug;
		};
		754CD020215D0DB20079E767 /* Release */ = {
			isa = XCBuildConfiguration;
			buildSettings = {
				ALWAYS_SEARCH_USER_PATHS = NO;
				CLANG_ANALYZER_NONNULL = YES;
				CLANG_ANALYZER_NUMBER_OBJECT_CONVERSION = YES_AGGRESSIVE;
				CLANG_CXX_LANGUAGE_STANDARD = "gnu++14";
				CLANG_CXX_LIBRARY = "libc++";
				CLANG_ENABLE_MODULES = YES;
				CLANG_ENABLE_OBJC_ARC = YES;
				CLANG_ENABLE_OBJC_WEAK = YES;
				CLANG_WARN_BLOCK_CAPTURE_AUTORELEASING = YES;
				CLANG_WARN_BOOL_CONVERSION = YES;
				CLANG_WARN_COMMA = YES;
				CLANG_WARN_CONSTANT_CONVERSION = YES;
				CLANG_WARN_DEPRECATED_OBJC_IMPLEMENTATIONS = YES;
				CLANG_WARN_DIRECT_OBJC_ISA_USAGE = YES_ERROR;
				CLANG_WARN_DOCUMENTATION_COMMENTS = YES;
				CLANG_WARN_EMPTY_BODY = YES;
				CLANG_WARN_ENUM_CONVERSION = YES;
				CLANG_WARN_INFINITE_RECURSION = YES;
				CLANG_WARN_INT_CONVERSION = YES;
				CLANG_WARN_NON_LITERAL_NULL_CONVERSION = YES;
				CLANG_WARN_OBJC_IMPLICIT_RETAIN_SELF = YES;
				CLANG_WARN_OBJC_LITERAL_CONVERSION = YES;
				CLANG_WARN_OBJC_ROOT_CLASS = YES_ERROR;
				CLANG_WARN_RANGE_LOOP_ANALYSIS = YES;
				CLANG_WARN_STRICT_PROTOTYPES = YES;
				CLANG_WARN_SUSPICIOUS_MOVE = YES;
				CLANG_WARN_UNGUARDED_AVAILABILITY = YES_AGGRESSIVE;
				CLANG_WARN_UNREACHABLE_CODE = YES;
				CLANG_WARN__DUPLICATE_METHOD_MATCH = YES;
				CODE_SIGN_IDENTITY = "iPhone Developer";
				COPY_PHASE_STRIP = NO;
				DEBUG_INFORMATION_FORMAT = "dwarf-with-dsym";
				ENABLE_NS_ASSERTIONS = NO;
				ENABLE_STRICT_OBJC_MSGSEND = YES;
				GCC_C_LANGUAGE_STANDARD = gnu11;
				GCC_NO_COMMON_BLOCKS = YES;
				GCC_WARN_64_TO_32_BIT_CONVERSION = YES;
				GCC_WARN_ABOUT_RETURN_TYPE = YES_ERROR;
				GCC_WARN_UNDECLARED_SELECTOR = YES;
				GCC_WARN_UNINITIALIZED_AUTOS = YES_AGGRESSIVE;
				GCC_WARN_UNUSED_FUNCTION = YES;
				GCC_WARN_UNUSED_VARIABLE = YES;
				IPHONEOS_DEPLOYMENT_TARGET = 12.0;
				MTL_ENABLE_DEBUG_INFO = NO;
				MTL_FAST_MATH = YES;
				SDKROOT = iphoneos;
				SWIFT_COMPILATION_MODE = wholemodule;
				SWIFT_OPTIMIZATION_LEVEL = "-O";
				VALIDATE_PRODUCT = YES;
			};
			name = Release;
		};
		754CD022215D0DB20079E767 /* Debug */ = {
			isa = XCBuildConfiguration;
			baseConfigurationReference = AF8C14EAF46E72705FB7571E /* Pods-VKFaceRecognizer.debug.xcconfig */;
			buildSettings = {
				ASSETCATALOG_COMPILER_APPICON_NAME = AppIcon;
				CODE_SIGN_STYLE = Automatic;
				DEVELOPMENT_TEAM = E97V2YY64X;
				INFOPLIST_FILE = VKFaceRecognizer/Info.plist;
				LD_RUNPATH_SEARCH_PATHS = "$(inherited) @executable_path/Frameworks";
				PRODUCT_BUNDLE_IDENTIFIER = qulix.VKFaceRecognizer;
				PRODUCT_NAME = "$(TARGET_NAME)";
				SWIFT_VERSION = 4.2;
				TARGETED_DEVICE_FAMILY = "1,2";
			};
			name = Debug;
		};
		754CD023215D0DB20079E767 /* Release */ = {
			isa = XCBuildConfiguration;
			baseConfigurationReference = 2554A2D65D58BF48D361A10F /* Pods-VKFaceRecognizer.release.xcconfig */;
			buildSettings = {
				ASSETCATALOG_COMPILER_APPICON_NAME = AppIcon;
				CODE_SIGN_STYLE = Automatic;
				DEVELOPMENT_TEAM = E97V2YY64X;
				INFOPLIST_FILE = VKFaceRecognizer/Info.plist;
				LD_RUNPATH_SEARCH_PATHS = "$(inherited) @executable_path/Frameworks";
				PRODUCT_BUNDLE_IDENTIFIER = qulix.VKFaceRecognizer;
				PRODUCT_NAME = "$(TARGET_NAME)";
				SWIFT_VERSION = 4.2;
				TARGETED_DEVICE_FAMILY = "1,2";
			};
			name = Release;
		};
/* End XCBuildConfiguration section */

/* Begin XCConfigurationList section */
		754CD007215D0DB10079E767 /* Build configuration list for PBXProject "VKFaceRecognizer" */ = {
			isa = XCConfigurationList;
			buildConfigurations = (
				754CD01F215D0DB20079E767 /* Debug */,
				754CD020215D0DB20079E767 /* Release */,
			);
			defaultConfigurationIsVisible = 0;
			defaultConfigurationName = Release;
		};
		754CD021215D0DB20079E767 /* Build configuration list for PBXNativeTarget "VKFaceRecognizer" */ = {
			isa = XCConfigurationList;
			buildConfigurations = (
				754CD022215D0DB20079E767 /* Debug */,
				754CD023215D0DB20079E767 /* Release */,
			);
			defaultConfigurationIsVisible = 0;
			defaultConfigurationName = Release;
		};
/* End XCConfigurationList section */

/* Begin XCVersionGroup section */
		754CD016215D0DB10079E767 /* VKFaceRecognizer.xcdatamodeld */ = {
			isa = XCVersionGroup;
			children = (
				754CD017215D0DB10079E767 /* VKFaceRecognizer.xcdatamodel */,
			);
			currentVersion = 754CD017215D0DB10079E767 /* VKFaceRecognizer.xcdatamodel */;
			path = VKFaceRecognizer.xcdatamodeld;
			sourceTree = "<group>";
			versionGroupType = wrapper.xcdatamodel;
		};
/* End XCVersionGroup section */
	};
	rootObject = 754CD004215D0DB10079E767 /* Project object */;
}
